
Microsoft Visual Studio Solution File, Format Version 12.00
# Visual Studio Version 17
VisualStudioVersion = 17.5.002.0
MinimumVisualStudioVersion = 10.0.40219.1
Project("{9A19103F-16F7-4668-BE54-9A1E7A4F7556}") = "Task1", "Task1.csproj", "{2D8241B6-64FB-4EC9-B6F4-B48CFADECDF6}"
EndProject
Global
	GlobalSection(SolutionConfigurationPlatforms) = preSolution
		Debug|Any CPU = Debug|Any CPU
		Release|Any CPU = Release|Any CPU
	EndGlobalSection
	GlobalSection(ProjectConfigurationPlatforms) = postSolution
		{2D8241B6-64FB-4EC9-B6F4-B48CFADECDF6}.Debug|Any CPU.ActiveCfg = Debug|Any CPU
		{2D8241B6-64FB-4EC9-B6F4-B48CFADECDF6}.Debug|Any CPU.Build.0 = Debug|Any CPU
		{2D8241B6-64FB-4EC9-B6F4-B48CFADECDF6}.Release|Any CPU.ActiveCfg = Release|Any CPU
		{2D8241B6-64FB-4EC9-B6F4-B48CFADECDF6}.Release|Any CPU.Build.0 = Release|Any CPU
	EndGlobalSection
	GlobalSection(SolutionProperties) = preSolution
		HideSolutionNode = FALSE
	EndGlobalSection
	GlobalSection(ExtensibilityGlobals) = postSolution
		SolutionGuid = {F51CA15D-9631-479B-8188-90BC98D099F7}
	EndGlobalSection
EndGlobal
